
Microsoft Visual Studio Solution File, Format Version 12.00
# Visual Studio Version 17
VisualStudioVersion = 17.8.34309.116
MinimumVisualStudioVersion = 10.0.40219.1
Project("{FAE04EC0-301F-11D3-BF4B-00C04F79EFBC}") = "EvolutionaryAlgorithm3D", "EvolutionaryAlgorithm3D\EvolutionaryAlgorithm3D.csproj", "{C3EB1E83-452C-468F-B8AB-4004E9289379}"
EndProject
Global
	GlobalSection(SolutionConfigurationPlatforms) = preSolution
		Debug|Any CPU = Debug|Any CPU
		Release|Any CPU = Release|Any CPU
	EndGlobalSection
	GlobalSection(ProjectConfigurationPlatforms) = postSolution
		{C3EB1E83-452C-468F-B8AB-4004E9289379}.Debug|Any CPU.ActiveCfg = Debug|Any CPU
		{C3EB1E83-452C-468F-B8AB-4004E9289379}.Debug|Any CPU.Build.0 = Debug|Any CPU
		{C3EB1E83-452C-468F-B8AB-4004E9289379}.Release|Any CPU.ActiveCfg = Release|Any CPU
		{C3EB1E83-452C-468F-B8AB-4004E9289379}.Release|Any CPU.Build.0 = Release|Any CPU
	EndGlobalSection
	GlobalSection(SolutionProperties) = preSolution
		HideSolutionNode = FALSE
	EndGlobalSection
	GlobalSection(ExtensibilityGlobals) = postSolution
		SolutionGuid = {26A97899-FF06-4041-AA12-6CA588592DC6}
	EndGlobalSection
EndGlobal
